
Microsoft Visual Studio Solution File, Format Version 12.00
# Visual Studio Version 17
VisualStudioVersion = 17.8.34309.116
MinimumVisualStudioVersion = 10.0.40219.1
Project("{FAE04EC0-301F-11D3-BF4B-00C04F79EFBC}") = "QuanLyHCN", "QuanLyHCN\QuanLyHCN.csproj", "{B6FBF416-0F9E-4D2A-99A7-E3A26E2D3588}"
EndProject
Global
	GlobalSection(SolutionConfigurationPlatforms) = preSolution
		Debug|Any CPU = Debug|Any CPU
		Release|Any CPU = Release|Any CPU
	EndGlobalSection
	GlobalSection(ProjectConfigurationPlatforms) = postSolution
		{B6FBF416-0F9E-4D2A-99A7-E3A26E2D3588}.Debug|Any CPU.ActiveCfg = Debug|Any CPU
		{B6FBF416-0F9E-4D2A-99A7-E3A26E2D3588}.Debug|Any CPU.Build.0 = Debug|Any CPU
		{B6FBF416-0F9E-4D2A-99A7-E3A26E2D3588}.Release|Any CPU.ActiveCfg = Release|Any CPU
		{B6FBF416-0F9E-4D2A-99A7-E3A26E2D3588}.Release|Any CPU.Build.0 = Release|Any CPU
	EndGlobalSection
	GlobalSection(SolutionProperties) = preSolution
		HideSolutionNode = FALSE
	EndGlobalSection
	GlobalSection(ExtensibilityGlobals) = postSolution
		SolutionGuid = {CEE4EE14-9210-495A-850A-C7A9F56F5EB3}
	EndGlobalSection
EndGlobal
